{
  "name": "nazibar.com",
  "version": "1.0.0",
  "lockfileVersion": 3,
  "requires": true,
  "packages": {
    "": {
      "name": "nazibar.com",
      "version": "1.0.0",
      "license": "CC-BY-SA",
      "dependencies": {
        "@fortawesome/fontawesome-free": "^6.5",
        "sorttable": "^1.0.2"
      }
    },
    "node_modules/@fortawesome/fontawesome-free": {
      "version": "6.5.2",
      "hasInstallScript": true,
      "license": "(CC-BY-4.0 AND OFL-1.1 AND MIT)",
      "engines": {
        "node": ">=6"
      }
    },
    "node_modules/sorttable": {
      "version": "1.0.2",
      "resolved": "https://registry.npmjs.org/sorttable/-/sorttable-1.0.2.tgz",
      "integrity": "sha512-dY6xMviQb4+zeZ11MSOqYfgXbv3pA6q4y35/lqVRulAXhR36MYvYjxTSWbctwiVWaRk0ufY10gNwFrcdrXPeWA==",
      "license": "MIT"
    }
  }
}
